
Microsoft Visual Studio Solution File, Format Version 12.00
# Visual Studio 15
VisualStudioVersion = 15.0.28307.705
MinimumVisualStudioVersion = 10.0.40219.1
Project("{2150E333-8FDC-42A3-9474-1A3956D46DE8}") = "Chapter01", "Chapter01", "{7A920E8D-C2B0-430B-B91F-152A1F099C33}"
EndProject
Project("{8BC9CEB8-8B4A-11D0-8D11-00A0C91BC942}") = "HelloWin", "Chapter01\HelloWin\HelloWin.vcxproj", "{549A606C-EB50-4A26-982A-805D322D0CA2}"
EndProject
Project("{8BC9CEB8-8B4A-11D0-8D11-00A0C91BC942}") = "ShowError", "Chapter01\ShowError\ShowError.vcxproj", "{CA33502C-28A4-4EB0-80E2-6FCA4363662C}"
EndProject
Project("{2150E333-8FDC-42A3-9474-1A3956D46DE8}") = "Chapter02", "Chapter02", "{1BC36DC0-D0FA-4CA0-B189-E2205B339A63}"
EndProject
Project("{8BC9CEB8-8B4A-11D0-8D11-00A0C91BC942}") = "BasicSharing", "Chapter02\BasicSharing\BasicSharing.vcxproj", "{818ADB11-8EB8-4E8E-9CAF-355DE6B471A9}"
EndProject
Project("{8BC9CEB8-8B4A-11D0-8D11-00A0C91BC942}") = "SingleInstance", "Chapter02\SingleInstance\SingleInstance.vcxproj", "{9340A888-9A4C-462C-8DA3-CBC035BA2A23}"
EndProject
Project("{8BC9CEB8-8B4A-11D0-8D11-00A0C91BC942}") = "PrivateSharing", "Chapter02\PrivateSharing\PrivateSharing.vcxproj", "{9BF7CB2C-6B25-4595-9C05-CE4116CC7D95}"
EndProject
Project("{8BC9CEB8-8B4A-11D0-8D11-00A0C91BC942}") = "PrivateSharing2", "Chapter02\PrivateSharing2\PrivateSharing2.vcxproj", "{26CF6139-1CBD-4D55-94B6-C903DA0DCAB7}"
EndProject
Project("{2150E333-8FDC-42A3-9474-1A3956D46DE8}") = "Chapter03", "Chapter03", "{BA1C087F-8DCB-46E2-81C1-0A24A0FD72E6}"
EndProject
Project("{8BC9CEB8-8B4A-11D0-8D11-00A0C91BC942}") = "ProcEnum", "Chapter03\ProcEnum\ProcEnum.vcxproj", "{9E990D1F-1E70-4903-967F-DA97E9000060}"
EndProject
Project("{8BC9CEB8-8B4A-11D0-8D11-00A0C91BC942}") = "ProcList", "Chapter03\ProcList\ProcList.vcxproj", "{A29EC1E7-8275-4B13-B059-ECBDB3C775F9}"
EndProject
Project("{8BC9CEB8-8B4A-11D0-8D11-00A0C91BC942}") = "MetroManager", "Chapter03\MetroManager\MetroManager.vcxproj", "{2F298285-08E3-4BE5-BED7-75163CB02D96}"
EndProject
Project("{8BC9CEB8-8B4A-11D0-8D11-00A0C91BC942}") = "InheritSharing", "Chapter03\InheritSharing\InheritSharing.vcxproj", "{9E64E1A1-5F94-4527-BEBD-325B8E1FB061}"
EndProject
Project("{8BC9CEB8-8B4A-11D0-8D11-00A0C91BC942}") = "ProcList2", "ProcList2\ProcList2.vcxproj", "{02EAD372-E03B-412E-9508-4C84E7978295}"
EndProject
Global
	GlobalSection(SolutionConfigurationPlatforms) = preSolution
		Debug|x64 = Debug|x64
		Debug|x86 = Debug|x86
		Release|x64 = Release|x64
		Release|x86 = Release|x86
	EndGlobalSection
	GlobalSection(ProjectConfigurationPlatforms) = postSolution
		{549A606C-EB50-4A26-982A-805D322D0CA2}.Debug|x64.ActiveCfg = Debug|x64
		{549A606C-EB50-4A26-982A-805D322D0CA2}.Debug|x64.Build.0 = Debug|x64
		{549A606C-EB50-4A26-982A-805D322D0CA2}.Debug|x86.ActiveCfg = Debug|Win32
		{549A606C-EB50-4A26-982A-805D322D0CA2}.Debug|x86.Build.0 = Debug|Win32
		{549A606C-EB50-4A26-982A-805D322D0CA2}.Release|x64.ActiveCfg = Release|x64
		{549A606C-EB50-4A26-982A-805D322D0CA2}.Release|x64.Build.0 = Release|x64
		{549A606C-EB50-4A26-982A-805D322D0CA2}.Release|x86.ActiveCfg = Release|Win32
		{549A606C-EB50-4A26-982A-805D322D0CA2}.Release|x86.Build.0 = Release|Win32
		{CA33502C-28A4-4EB0-80E2-6FCA4363662C}.Debug|x64.ActiveCfg = Debug|x64
		{CA33502C-28A4-4EB0-80E2-6FCA4363662C}.Debug|x64.Build.0 = Debug|x64
		{CA33502C-28A4-4EB0-80E2-6FCA4363662C}.Debug|x86.ActiveCfg = Debug|Win32
		{CA33502C-28A4-4EB0-80E2-6FCA4363662C}.Debug|x86.Build.0 = Debug|Win32
		{CA33502C-28A4-4EB0-80E2-6FCA4363662C}.Release|x64.ActiveCfg = Release|x64
		{CA33502C-28A4-4EB0-80E2-6FCA4363662C}.Release|x64.Build.0 = Release|x64
		{CA33502C-28A4-4EB0-80E2-6FCA4363662C}.Release|x86.ActiveCfg = Release|Win32
		{CA33502C-28A4-4EB0-80E2-6FCA4363662C}.Release|x86.Build.0 = Release|Win32
		{818ADB11-8EB8-4E8E-9CAF-355DE6B471A9}.Debug|x64.ActiveCfg = Debug|x64
		{818ADB11-8EB8-4E8E-9CAF-355DE6B471A9}.Debug|x64.Build.0 = Debug|x64
		{818ADB11-8EB8-4E8E-9CAF-355DE6B471A9}.Debug|x86.ActiveCfg = Debug|Win32
		{818ADB11-8EB8-4E8E-9CAF-355DE6B471A9}.Debug|x86.Build.0 = Debug|Win32
		{818ADB11-8EB8-4E8E-9CAF-355DE6B471A9}.Release|x64.ActiveCfg = Release|x64
		{818ADB11-8EB8-4E8E-9CAF-355DE6B471A9}.Release|x64.Build.0 = Release|x64
		{818ADB11-8EB8-4E8E-9CAF-355DE6B471A9}.Release|x86.ActiveCfg = Release|Win32
		{818ADB11-8EB8-4E8E-9CAF-355DE6B471A9}.Release|x86.Build.0 = Release|Win32
		{9340A888-9A4C-462C-8DA3-CBC035BA2A23}.Debug|x64.ActiveCfg = Debug|x64
		{9340A888-9A4C-462C-8DA3-CBC035BA2A23}.Debug|x64.Build.0 = Debug|x64
		{9340A888-9A4C-462C-8DA3-CBC035BA2A23}.Debug|x86.ActiveCfg = Debug|Win32
		{9340A888-9A4C-462C-8DA3-CBC035BA2A23}.Debug|x86.Build.0 = Debug|Win32
		{9340A888-9A4C-462C-8DA3-CBC035BA2A23}.Release|x64.ActiveCfg = Release|x64
		{9340A888-9A4C-462C-8DA3-CBC035BA2A23}.Release|x64.Build.0 = Release|x64
		{9340A888-9A4C-462C-8DA3-CBC035BA2A23}.Release|x86.ActiveCfg = Release|Win32
		{9340A888-9A4C-462C-8DA3-CBC035BA2A23}.Release|x86.Build.0 = Release|Win32
		{9BF7CB2C-6B25-4595-9C05-CE4116CC7D95}.Debug|x64.ActiveCfg = Debug|x64
		{9BF7CB2C-6B25-4595-9C05-CE4116CC7D95}.Debug|x64.Build.0 = Debug|x64
		{9BF7CB2C-6B25-4595-9C05-CE4116CC7D95}.Debug|x86.ActiveCfg = Debug|Win32
		{9BF7CB2C-6B25-4595-9C05-CE4116CC7D95}.Debug|x86.Build.0 = Debug|Win32
		{9BF7CB2C-6B25-4595-9C05-CE4116CC7D95}.Release|x64.ActiveCfg = Release|x64
		{9BF7CB2C-6B25-4595-9C05-CE4116CC7D95}.Release|x64.Build.0 = Release|x64
		{9BF7CB2C-6B25-4595-9C05-CE4116CC7D95}.Release|x86.ActiveCfg = Release|Win32
		{9BF7CB2C-6B25-4595-9C05-CE4116CC7D95}.Release|x86.Build.0 = Release|Win32
		{26CF6139-1CBD-4D55-94B6-C903DA0DCAB7}.Debug|x64.ActiveCfg = Debug|x64
		{26CF6139-1CBD-4D55-94B6-C903DA0DCAB7}.Debug|x64.Build.0 = Debug|x64
		{26CF6139-1CBD-4D55-94B6-C903DA0DCAB7}.Debug|x86.ActiveCfg = Debug|Win32
		{26CF6139-1CBD-4D55-94B6-C903DA0DCAB7}.Debug|x86.Build.0 = Debug|Win32
		{26CF6139-1CBD-4D55-94B6-C903DA0DCAB7}.Release|x64.ActiveCfg = Release|x64
		{26CF6139-1CBD-4D55-94B6-C903DA0DCAB7}.Release|x64.Build.0 = Release|x64
		{26CF6139-1CBD-4D55-94B6-C903DA0DCAB7}.Release|x86.ActiveCfg = Release|Win32
		{26CF6139-1CBD-4D55-94B6-C903DA0DCAB7}.Release|x86.Build.0 = Release|Win32
		{9E990D1F-1E70-4903-967F-DA97E9000060}.Debug|x64.ActiveCfg = Debug|x64
		{9E990D1F-1E70-4903-967F-DA97E9000060}.Debug|x64.Build.0 = Debug|x64
		{9E990D1F-1E70-4903-967F-DA97E9000060}.Debug|x86.ActiveCfg = Debug|Win32
		{9E990D1F-1E70-4903-967F-DA97E9000060}.Debug|x86.Build.0 = Debug|Win32
		{9E990D1F-1E70-4903-967F-DA97E9000060}.Release|x64.ActiveCfg = Release|x64
		{9E990D1F-1E70-4903-967F-DA97E9000060}.Release|x64.Build.0 = Release|x64
		{9E990D1F-1E70-4903-967F-DA97E9000060}.Release|x86.ActiveCfg = Release|Win32
		{9E990D1F-1E70-4903-967F-DA97E9000060}.Release|x86.Build.0 = Release|Win32
		{A29EC1E7-8275-4B13-B059-ECBDB3C775F9}.Debug|x64.ActiveCfg = Debug|x64
		{A29EC1E7-8275-4B13-B059-ECBDB3C775F9}.Debug|x64.Build.0 = Debug|x64
		{A29EC1E7-8275-4B13-B059-ECBDB3C775F9}.Debug|x86.ActiveCfg = Debug|Win32
		{A29EC1E7-8275-4B13-B059-ECBDB3C775F9}.Debug|x86.Build.0 = Debug|Win32
		{A29EC1E7-8275-4B13-B059-ECBDB3C775F9}.Release|x64.ActiveCfg = Release|x64
		{A29EC1E7-8275-4B13-B059-ECBDB3C775F9}.Release|x64.Build.0 = Release|x64
		{A29EC1E7-8275-4B13-B059-ECBDB3C775F9}.Release|x86.ActiveCfg = Release|Win32
		{A29EC1E7-8275-4B13-B059-ECBDB3C775F9}.Release|x86.Build.0 = Release|Win32
		{2F298285-08E3-4BE5-BED7-75163CB02D96}.Debug|x64.ActiveCfg = Debug|x64
		{2F298285-08E3-4BE5-BED7-75163CB02D96}.Debug|x64.Build.0 = Debug|x64
		{2F298285-08E3-4BE5-BED7-75163CB02D96}.Debug|x86.ActiveCfg = Debug|Win32
		{2F298285-08E3-4BE5-BED7-75163CB02D96}.Debug|x86.Build.0 = Debug|Win32
		{2F298285-08E3-4BE5-BED7-75163CB02D96}.Release|x64.ActiveCfg = Release|x64
		{2F298285-08E3-4BE5-BED7-75163CB02D96}.Release|x64.Build.0 = Release|x64
		{2F298285-08E3-4BE5-BED7-75163CB02D96}.Release|x86.ActiveCfg = Release|Win32
		{2F298285-08E3-4BE5-BED7-75163CB02D96}.Release|x86.Build.0 = Release|Win32
		{9E64E1A1-5F94-4527-BEBD-325B8E1FB061}.Debug|x64.ActiveCfg = Debug|x64
		{9E64E1A1-5F94-4527-BEBD-325B8E1FB061}.Debug|x64.Build.0 = Debug|x64
		{9E64E1A1-5F94-4527-BEBD-325B8E1FB061}.Debug|x86.ActiveCfg = Debug|Win32
		{9E64E1A1-5F94-4527-BEBD-325B8E1FB061}.Debug|x86.Build.0 = Debug|Win32
		{9E64E1A1-5F94-4527-BEBD-325B8E1FB061}.Release|x64.ActiveCfg = Release|x64
		{9E64E1A1-5F94-4527-BEBD-325B8E1FB061}.Release|x64.Build.0 = Release|x64
		{9E64E1A1-5F94-4527-BEBD-325B8E1FB061}.Release|x86.ActiveCfg = Release|Win32
		{9E64E1A1-5F94-4527-BEBD-325B8E1FB061}.Release|x86.Build.0 = Release|Win32
		{02EAD372-E03B-412E-9508-4C84E7978295}.Debug|x64.ActiveCfg = Debug|x64
		{02EAD372-E03B-412E-9508-4C84E7978295}.Debug|x64.Build.0 = Debug|x64
		{02EAD372-E03B-412E-9508-4C84E7978295}.Debug|x86.ActiveCfg = Debug|Win32
		{02EAD372-E03B-412E-9508-4C84E7978295}.Debug|x86.Build.0 = Debug|Win32
		{02EAD372-E03B-412E-9508-4C84E7978295}.Release|x64.ActiveCfg = Release|x64
		{02EAD372-E03B-412E-9508-4C84E7978295}.Release|x64.Build.0 = Release|x64
		{02EAD372-E03B-412E-9508-4C84E7978295}.Release|x86.ActiveCfg = Release|Win32
		{02EAD372-E03B-412E-9508-4C84E7978295}.Release|x86.Build.0 = Release|Win32
	EndGlobalSection
	GlobalSection(SolutionProperties) = preSolution
		HideSolutionNode = FALSE
	EndGlobalSection
	GlobalSection(NestedProjects) = preSolution
		{549A606C-EB50-4A26-982A-805D322D0CA2} = {7A920E8D-C2B0-430B-B91F-152A1F099C33}
		{CA33502C-28A4-4EB0-80E2-6FCA4363662C} = {7A920E8D-C2B0-430B-B91F-152A1F099C33}
		{818ADB11-8EB8-4E8E-9CAF-355DE6B471A9} = {1BC36DC0-D0FA-4CA0-B189-E2205B339A63}
		{9340A888-9A4C-462C-8DA3-CBC035BA2A23} = {1BC36DC0-D0FA-4CA0-B189-E2205B339A63}
		{9BF7CB2C-6B25-4595-9C05-CE4116CC7D95} = {1BC36DC0-D0FA-4CA0-B189-E2205B339A63}
		{26CF6139-1CBD-4D55-94B6-C903DA0DCAB7} = {1BC36DC0-D0FA-4CA0-B189-E2205B339A63}
		{9E990D1F-1E70-4903-967F-DA97E9000060} = {BA1C087F-8DCB-46E2-81C1-0A24A0FD72E6}
		{A29EC1E7-8275-4B13-B059-ECBDB3C775F9} = {BA1C087F-8DCB-46E2-81C1-0A24A0FD72E6}
		{2F298285-08E3-4BE5-BED7-75163CB02D96} = {BA1C087F-8DCB-46E2-81C1-0A24A0FD72E6}
		{9E64E1A1-5F94-4527-BEBD-325B8E1FB061} = {BA1C087F-8DCB-46E2-81C1-0A24A0FD72E6}
		{02EAD372-E03B-412E-9508-4C84E7978295} = {BA1C087F-8DCB-46E2-81C1-0A24A0FD72E6}
	EndGlobalSection
	GlobalSection(ExtensibilityGlobals) = postSolution
		SolutionGuid = {F88B16D5-AC91-4B25-BBC1-905C9C44BD7F}
	EndGlobalSection
EndGlobal
