
Microsoft Visual Studio Solution File, Format Version 12.00
# Visual Studio Version 16
VisualStudioVersion = 16.0.30105.148
MinimumVisualStudioVersion = 10.0.40219.1
Project("{8BC9CEB8-8B4A-11D0-8D11-00A0C91BC942}") = "SimpleDll", "SimpleDll\SimpleDll.vcxproj", "{15B50764-942A-4E59-B8B3-BE7E02005C16}"
EndProject
Project("{8BC9CEB8-8B4A-11D0-8D11-00A0C91BC942}") = "SimplePrimes", "SimplePrimes\SimplePrimes.vcxproj", "{33CE3C68-392B-4DA6-B59E-A1BEEC831092}"
EndProject
Project("{8BC9CEB8-8B4A-11D0-8D11-00A0C91BC942}") = "Injector", "Injector\Injector.vcxproj", "{1AB61DB4-DCC3-4B88-88AB-622EE580FBC2}"
EndProject
Project("{8BC9CEB8-8B4A-11D0-8D11-00A0C91BC942}") = "Injected", "Injected\Injected.vcxproj", "{AF16E9A2-E693-4B6F-BD52-CC4D073D660B}"
EndProject
Project("{8BC9CEB8-8B4A-11D0-8D11-00A0C91BC942}") = "HookInject", "HookInject\HookInject.vcxproj", "{40B1BAC1-82C9-409E-B036-09328C3942FF}"
EndProject
Project("{8BC9CEB8-8B4A-11D0-8D11-00A0C91BC942}") = "HookDll", "HookDll\HookDll.vcxproj", "{5D0A5DEB-D0E5-469D-BF4D-E6BEB9ECB2BC}"
EndProject
Project("{8BC9CEB8-8B4A-11D0-8D11-00A0C91BC942}") = "WorkingSets", "WorkingSets\WorkingSets.vcxproj", "{290405FB-8BBF-46F1-8433-BE7B396B38E5}"
EndProject
Project("{8BC9CEB8-8B4A-11D0-8D11-00A0C91BC942}") = "IATHelper", "IATHelper\IATHelper.vcxproj", "{80AE6438-2C23-429D-8493-DC7449082C59}"
EndProject
Project("{8BC9CEB8-8B4A-11D0-8D11-00A0C91BC942}") = "BasicSharing", "BasicSharing\BasicSharing.vcxproj", "{818ADB11-8EB8-4E8E-9CAF-355DE6B471A9}"
EndProject
Project("{8BC9CEB8-8B4A-11D0-8D11-00A0C91BC942}") = "SimplePrimes2", "SimplePrimes2\SimplePrimes2.vcxproj", "{C731D802-4D39-44B5-8627-E8A52A72E6B8}"
EndProject
Global
	GlobalSection(SolutionConfigurationPlatforms) = preSolution
		Debug|x64 = Debug|x64
		Debug|x86 = Debug|x86
		Release|x64 = Release|x64
		Release|x86 = Release|x86
	EndGlobalSection
	GlobalSection(ProjectConfigurationPlatforms) = postSolution
		{15B50764-942A-4E59-B8B3-BE7E02005C16}.Debug|x64.ActiveCfg = Debug|x64
		{15B50764-942A-4E59-B8B3-BE7E02005C16}.Debug|x64.Build.0 = Debug|x64
		{15B50764-942A-4E59-B8B3-BE7E02005C16}.Debug|x86.ActiveCfg = Debug|Win32
		{15B50764-942A-4E59-B8B3-BE7E02005C16}.Debug|x86.Build.0 = Debug|Win32
		{15B50764-942A-4E59-B8B3-BE7E02005C16}.Release|x64.ActiveCfg = Release|x64
		{15B50764-942A-4E59-B8B3-BE7E02005C16}.Release|x64.Build.0 = Release|x64
		{15B50764-942A-4E59-B8B3-BE7E02005C16}.Release|x86.ActiveCfg = Release|Win32
		{15B50764-942A-4E59-B8B3-BE7E02005C16}.Release|x86.Build.0 = Release|Win32
		{33CE3C68-392B-4DA6-B59E-A1BEEC831092}.Debug|x64.ActiveCfg = Debug|x64
		{33CE3C68-392B-4DA6-B59E-A1BEEC831092}.Debug|x64.Build.0 = Debug|x64
		{33CE3C68-392B-4DA6-B59E-A1BEEC831092}.Debug|x86.ActiveCfg = Debug|Win32
		{33CE3C68-392B-4DA6-B59E-A1BEEC831092}.Debug|x86.Build.0 = Debug|Win32
		{33CE3C68-392B-4DA6-B59E-A1BEEC831092}.Release|x64.ActiveCfg = Release|x64
		{33CE3C68-392B-4DA6-B59E-A1BEEC831092}.Release|x64.Build.0 = Release|x64
		{33CE3C68-392B-4DA6-B59E-A1BEEC831092}.Release|x86.ActiveCfg = Release|Win32
		{33CE3C68-392B-4DA6-B59E-A1BEEC831092}.Release|x86.Build.0 = Release|Win32
		{1AB61DB4-DCC3-4B88-88AB-622EE580FBC2}.Debug|x64.ActiveCfg = Debug|x64
		{1AB61DB4-DCC3-4B88-88AB-622EE580FBC2}.Debug|x64.Build.0 = Debug|x64
		{1AB61DB4-DCC3-4B88-88AB-622EE580FBC2}.Debug|x86.ActiveCfg = Debug|Win32
		{1AB61DB4-DCC3-4B88-88AB-622EE580FBC2}.Debug|x86.Build.0 = Debug|Win32
		{1AB61DB4-DCC3-4B88-88AB-622EE580FBC2}.Release|x64.ActiveCfg = Release|x64
		{1AB61DB4-DCC3-4B88-88AB-622EE580FBC2}.Release|x64.Build.0 = Release|x64
		{1AB61DB4-DCC3-4B88-88AB-622EE580FBC2}.Release|x86.ActiveCfg = Release|Win32
		{1AB61DB4-DCC3-4B88-88AB-622EE580FBC2}.Release|x86.Build.0 = Release|Win32
		{AF16E9A2-E693-4B6F-BD52-CC4D073D660B}.Debug|x64.ActiveCfg = Debug|x64
		{AF16E9A2-E693-4B6F-BD52-CC4D073D660B}.Debug|x64.Build.0 = Debug|x64
		{AF16E9A2-E693-4B6F-BD52-CC4D073D660B}.Debug|x86.ActiveCfg = Debug|Win32
		{AF16E9A2-E693-4B6F-BD52-CC4D073D660B}.Debug|x86.Build.0 = Debug|Win32
		{AF16E9A2-E693-4B6F-BD52-CC4D073D660B}.Release|x64.ActiveCfg = Release|x64
		{AF16E9A2-E693-4B6F-BD52-CC4D073D660B}.Release|x64.Build.0 = Release|x64
		{AF16E9A2-E693-4B6F-BD52-CC4D073D660B}.Release|x86.ActiveCfg = Release|Win32
		{AF16E9A2-E693-4B6F-BD52-CC4D073D660B}.Release|x86.Build.0 = Release|Win32
		{40B1BAC1-82C9-409E-B036-09328C3942FF}.Debug|x64.ActiveCfg = Debug|x64
		{40B1BAC1-82C9-409E-B036-09328C3942FF}.Debug|x64.Build.0 = Debug|x64
		{40B1BAC1-82C9-409E-B036-09328C3942FF}.Debug|x86.ActiveCfg = Debug|Win32
		{40B1BAC1-82C9-409E-B036-09328C3942FF}.Debug|x86.Build.0 = Debug|Win32
		{40B1BAC1-82C9-409E-B036-09328C3942FF}.Release|x64.ActiveCfg = Release|x64
		{40B1BAC1-82C9-409E-B036-09328C3942FF}.Release|x64.Build.0 = Release|x64
		{40B1BAC1-82C9-409E-B036-09328C3942FF}.Release|x86.ActiveCfg = Release|Win32
		{40B1BAC1-82C9-409E-B036-09328C3942FF}.Release|x86.Build.0 = Release|Win32
		{5D0A5DEB-D0E5-469D-BF4D-E6BEB9ECB2BC}.Debug|x64.ActiveCfg = Debug|x64
		{5D0A5DEB-D0E5-469D-BF4D-E6BEB9ECB2BC}.Debug|x64.Build.0 = Debug|x64
		{5D0A5DEB-D0E5-469D-BF4D-E6BEB9ECB2BC}.Debug|x86.ActiveCfg = Debug|Win32
		{5D0A5DEB-D0E5-469D-BF4D-E6BEB9ECB2BC}.Debug|x86.Build.0 = Debug|Win32
		{5D0A5DEB-D0E5-469D-BF4D-E6BEB9ECB2BC}.Release|x64.ActiveCfg = Release|x64
		{5D0A5DEB-D0E5-469D-BF4D-E6BEB9ECB2BC}.Release|x64.Build.0 = Release|x64
		{5D0A5DEB-D0E5-469D-BF4D-E6BEB9ECB2BC}.Release|x86.ActiveCfg = Release|Win32
		{5D0A5DEB-D0E5-469D-BF4D-E6BEB9ECB2BC}.Release|x86.Build.0 = Release|Win32
		{290405FB-8BBF-46F1-8433-BE7B396B38E5}.Debug|x64.ActiveCfg = Debug|x64
		{290405FB-8BBF-46F1-8433-BE7B396B38E5}.Debug|x64.Build.0 = Debug|x64
		{290405FB-8BBF-46F1-8433-BE7B396B38E5}.Debug|x86.ActiveCfg = Debug|Win32
		{290405FB-8BBF-46F1-8433-BE7B396B38E5}.Debug|x86.Build.0 = Debug|Win32
		{290405FB-8BBF-46F1-8433-BE7B396B38E5}.Release|x64.ActiveCfg = Release|x64
		{290405FB-8BBF-46F1-8433-BE7B396B38E5}.Release|x64.Build.0 = Release|x64
		{290405FB-8BBF-46F1-8433-BE7B396B38E5}.Release|x86.ActiveCfg = Release|Win32
		{290405FB-8BBF-46F1-8433-BE7B396B38E5}.Release|x86.Build.0 = Release|Win32
		{80AE6438-2C23-429D-8493-DC7449082C59}.Debug|x64.ActiveCfg = Debug|x64
		{80AE6438-2C23-429D-8493-DC7449082C59}.Debug|x64.Build.0 = Debug|x64
		{80AE6438-2C23-429D-8493-DC7449082C59}.Debug|x86.ActiveCfg = Debug|Win32
		{80AE6438-2C23-429D-8493-DC7449082C59}.Debug|x86.Build.0 = Debug|Win32
		{80AE6438-2C23-429D-8493-DC7449082C59}.Release|x64.ActiveCfg = Release|x64
		{80AE6438-2C23-429D-8493-DC7449082C59}.Release|x64.Build.0 = Release|x64
		{80AE6438-2C23-429D-8493-DC7449082C59}.Release|x86.ActiveCfg = Release|Win32
		{80AE6438-2C23-429D-8493-DC7449082C59}.Release|x86.Build.0 = Release|Win32
		{818ADB11-8EB8-4E8E-9CAF-355DE6B471A9}.Debug|x64.ActiveCfg = Debug|x64
		{818ADB11-8EB8-4E8E-9CAF-355DE6B471A9}.Debug|x64.Build.0 = Debug|x64
		{818ADB11-8EB8-4E8E-9CAF-355DE6B471A9}.Debug|x86.ActiveCfg = Debug|Win32
		{818ADB11-8EB8-4E8E-9CAF-355DE6B471A9}.Debug|x86.Build.0 = Debug|Win32
		{818ADB11-8EB8-4E8E-9CAF-355DE6B471A9}.Release|x64.ActiveCfg = Release|x64
		{818ADB11-8EB8-4E8E-9CAF-355DE6B471A9}.Release|x64.Build.0 = Release|x64
		{818ADB11-8EB8-4E8E-9CAF-355DE6B471A9}.Release|x86.ActiveCfg = Release|Win32
		{818ADB11-8EB8-4E8E-9CAF-355DE6B471A9}.Release|x86.Build.0 = Release|Win32
		{C731D802-4D39-44B5-8627-E8A52A72E6B8}.Debug|x64.ActiveCfg = Debug|x64
		{C731D802-4D39-44B5-8627-E8A52A72E6B8}.Debug|x64.Build.0 = Debug|x64
		{C731D802-4D39-44B5-8627-E8A52A72E6B8}.Debug|x86.ActiveCfg = Debug|Win32
		{C731D802-4D39-44B5-8627-E8A52A72E6B8}.Debug|x86.Build.0 = Debug|Win32
		{C731D802-4D39-44B5-8627-E8A52A72E6B8}.Release|x64.ActiveCfg = Release|x64
		{C731D802-4D39-44B5-8627-E8A52A72E6B8}.Release|x64.Build.0 = Release|x64
		{C731D802-4D39-44B5-8627-E8A52A72E6B8}.Release|x86.ActiveCfg = Release|Win32
		{C731D802-4D39-44B5-8627-E8A52A72E6B8}.Release|x86.Build.0 = Release|Win32
	EndGlobalSection
	GlobalSection(SolutionProperties) = preSolution
		HideSolutionNode = FALSE
	EndGlobalSection
	GlobalSection(ExtensibilityGlobals) = postSolution
		SolutionGuid = {2C4258DE-9B1B-4C67-809F-E111FD6D1A3B}
	EndGlobalSection
EndGlobal
