
Microsoft Visual Studio Solution File, Format Version 12.00
# Visual Studio Version 16
VisualStudioVersion = 16.0.29721.120
MinimumVisualStudioVersion = 10.0.40219.1
Project("{8BC9CEB8-8B4A-11D0-8D11-00A0C91BC942}") = "thlist", "thlist\thlist.vcxproj", "{E5BED5E3-50CF-49F8-96C6-87366D3ECD31}"
EndProject
Project("{8BC9CEB8-8B4A-11D0-8D11-00A0C91BC942}") = "breakin", "breakin\breakin.vcxproj", "{7BAE7468-4F7C-45DD-BBF0-DAE3E334DA5F}"
EndProject
Project("{8BC9CEB8-8B4A-11D0-8D11-00A0C91BC942}") = "SumMatrix", "SumMatrix\SumMatrix.vcxproj", "{B9E4B9AC-9848-497C-A5EA-EF16AE243F4B}"
EndProject
Project("{8BC9CEB8-8B4A-11D0-8D11-00A0C91BC942}") = "FalseSharing", "FalseSharing\FalseSharing.vcxproj", "{29D80A79-73C6-4C12-B694-89F554235E91}"
EndProject
Project("{2150E333-8FDC-42A3-9474-1A3956D46DE8}") = "Inc", "Inc", "{607B61F8-855E-45EC-84E3-7D6FF1D7454D}"
	ProjectSection(SolutionItems) = preProject
		Inc\Matrix.h = Inc\Matrix.h
	EndProjectSection
EndProject
Project("{8BC9CEB8-8B4A-11D0-8D11-00A0C91BC942}") = "DeadlockDetector", "DeadlockDetector\DeadlockDetector.vcxproj", "{F42868B4-650A-4E65-9483-F0EF92E66EF4}"
EndProject
Project("{8BC9CEB8-8B4A-11D0-8D11-00A0C91BC942}") = "SimpleDeadlock1", "SimpleDeadlock1\SimpleDeadlock1.vcxproj", "{8151F896-6916-49D8-B815-FF33FCB4C399}"
EndProject
Project("{2150E333-8FDC-42A3-9474-1A3956D46DE8}") = "DeadlockApps", "DeadlockApps", "{FE93BBBD-5739-458F-A2AC-EB6B8B1E944C}"
EndProject
Project("{8BC9CEB8-8B4A-11D0-8D11-00A0C91BC942}") = "SimpleDeadlock2", "SimpleDeadlock2\SimpleDeadlock2.vcxproj", "{99647107-C373-4470-AD51-52E268E35EF9}"
EndProject
Project("{8BC9CEB8-8B4A-11D0-8D11-00A0C91BC942}") = "PrimesCounter", "PrimesCounter\PrimesCounter.vcxproj", "{06D275AD-AD6C-4C7F-8130-FEF9F2662535}"
EndProject
Global
	GlobalSection(SolutionConfigurationPlatforms) = preSolution
		Debug|x64 = Debug|x64
		Debug|x86 = Debug|x86
		Release|x64 = Release|x64
		Release|x86 = Release|x86
	EndGlobalSection
	GlobalSection(ProjectConfigurationPlatforms) = postSolution
		{E5BED5E3-50CF-49F8-96C6-87366D3ECD31}.Debug|x64.ActiveCfg = Debug|x64
		{E5BED5E3-50CF-49F8-96C6-87366D3ECD31}.Debug|x64.Build.0 = Debug|x64
		{E5BED5E3-50CF-49F8-96C6-87366D3ECD31}.Debug|x86.ActiveCfg = Debug|Win32
		{E5BED5E3-50CF-49F8-96C6-87366D3ECD31}.Debug|x86.Build.0 = Debug|Win32
		{E5BED5E3-50CF-49F8-96C6-87366D3ECD31}.Release|x64.ActiveCfg = Release|x64
		{E5BED5E3-50CF-49F8-96C6-87366D3ECD31}.Release|x64.Build.0 = Release|x64
		{E5BED5E3-50CF-49F8-96C6-87366D3ECD31}.Release|x86.ActiveCfg = Release|Win32
		{E5BED5E3-50CF-49F8-96C6-87366D3ECD31}.Release|x86.Build.0 = Release|Win32
		{7BAE7468-4F7C-45DD-BBF0-DAE3E334DA5F}.Debug|x64.ActiveCfg = Debug|x64
		{7BAE7468-4F7C-45DD-BBF0-DAE3E334DA5F}.Debug|x64.Build.0 = Debug|x64
		{7BAE7468-4F7C-45DD-BBF0-DAE3E334DA5F}.Debug|x86.ActiveCfg = Debug|Win32
		{7BAE7468-4F7C-45DD-BBF0-DAE3E334DA5F}.Debug|x86.Build.0 = Debug|Win32
		{7BAE7468-4F7C-45DD-BBF0-DAE3E334DA5F}.Release|x64.ActiveCfg = Release|x64
		{7BAE7468-4F7C-45DD-BBF0-DAE3E334DA5F}.Release|x64.Build.0 = Release|x64
		{7BAE7468-4F7C-45DD-BBF0-DAE3E334DA5F}.Release|x86.ActiveCfg = Release|Win32
		{7BAE7468-4F7C-45DD-BBF0-DAE3E334DA5F}.Release|x86.Build.0 = Release|Win32
		{B9E4B9AC-9848-497C-A5EA-EF16AE243F4B}.Debug|x64.ActiveCfg = Debug|x64
		{B9E4B9AC-9848-497C-A5EA-EF16AE243F4B}.Debug|x64.Build.0 = Debug|x64
		{B9E4B9AC-9848-497C-A5EA-EF16AE243F4B}.Debug|x86.ActiveCfg = Debug|Win32
		{B9E4B9AC-9848-497C-A5EA-EF16AE243F4B}.Debug|x86.Build.0 = Debug|Win32
		{B9E4B9AC-9848-497C-A5EA-EF16AE243F4B}.Release|x64.ActiveCfg = Release|x64
		{B9E4B9AC-9848-497C-A5EA-EF16AE243F4B}.Release|x64.Build.0 = Release|x64
		{B9E4B9AC-9848-497C-A5EA-EF16AE243F4B}.Release|x86.ActiveCfg = Release|Win32
		{B9E4B9AC-9848-497C-A5EA-EF16AE243F4B}.Release|x86.Build.0 = Release|Win32
		{29D80A79-73C6-4C12-B694-89F554235E91}.Debug|x64.ActiveCfg = Debug|x64
		{29D80A79-73C6-4C12-B694-89F554235E91}.Debug|x64.Build.0 = Debug|x64
		{29D80A79-73C6-4C12-B694-89F554235E91}.Debug|x86.ActiveCfg = Debug|Win32
		{29D80A79-73C6-4C12-B694-89F554235E91}.Debug|x86.Build.0 = Debug|Win32
		{29D80A79-73C6-4C12-B694-89F554235E91}.Release|x64.ActiveCfg = Release|x64
		{29D80A79-73C6-4C12-B694-89F554235E91}.Release|x64.Build.0 = Release|x64
		{29D80A79-73C6-4C12-B694-89F554235E91}.Release|x86.ActiveCfg = Release|Win32
		{29D80A79-73C6-4C12-B694-89F554235E91}.Release|x86.Build.0 = Release|Win32
		{F42868B4-650A-4E65-9483-F0EF92E66EF4}.Debug|x64.ActiveCfg = Debug|x64
		{F42868B4-650A-4E65-9483-F0EF92E66EF4}.Debug|x64.Build.0 = Debug|x64
		{F42868B4-650A-4E65-9483-F0EF92E66EF4}.Debug|x86.ActiveCfg = Debug|Win32
		{F42868B4-650A-4E65-9483-F0EF92E66EF4}.Debug|x86.Build.0 = Debug|Win32
		{F42868B4-650A-4E65-9483-F0EF92E66EF4}.Release|x64.ActiveCfg = Release|x64
		{F42868B4-650A-4E65-9483-F0EF92E66EF4}.Release|x64.Build.0 = Release|x64
		{F42868B4-650A-4E65-9483-F0EF92E66EF4}.Release|x86.ActiveCfg = Release|Win32
		{F42868B4-650A-4E65-9483-F0EF92E66EF4}.Release|x86.Build.0 = Release|Win32
		{8151F896-6916-49D8-B815-FF33FCB4C399}.Debug|x64.ActiveCfg = Debug|x64
		{8151F896-6916-49D8-B815-FF33FCB4C399}.Debug|x64.Build.0 = Debug|x64
		{8151F896-6916-49D8-B815-FF33FCB4C399}.Debug|x86.ActiveCfg = Debug|Win32
		{8151F896-6916-49D8-B815-FF33FCB4C399}.Debug|x86.Build.0 = Debug|Win32
		{8151F896-6916-49D8-B815-FF33FCB4C399}.Release|x64.ActiveCfg = Release|x64
		{8151F896-6916-49D8-B815-FF33FCB4C399}.Release|x64.Build.0 = Release|x64
		{8151F896-6916-49D8-B815-FF33FCB4C399}.Release|x86.ActiveCfg = Release|Win32
		{8151F896-6916-49D8-B815-FF33FCB4C399}.Release|x86.Build.0 = Release|Win32
		{99647107-C373-4470-AD51-52E268E35EF9}.Debug|x64.ActiveCfg = Debug|x64
		{99647107-C373-4470-AD51-52E268E35EF9}.Debug|x64.Build.0 = Debug|x64
		{99647107-C373-4470-AD51-52E268E35EF9}.Debug|x86.ActiveCfg = Debug|Win32
		{99647107-C373-4470-AD51-52E268E35EF9}.Debug|x86.Build.0 = Debug|Win32
		{99647107-C373-4470-AD51-52E268E35EF9}.Release|x64.ActiveCfg = Release|x64
		{99647107-C373-4470-AD51-52E268E35EF9}.Release|x64.Build.0 = Release|x64
		{99647107-C373-4470-AD51-52E268E35EF9}.Release|x86.ActiveCfg = Release|Win32
		{99647107-C373-4470-AD51-52E268E35EF9}.Release|x86.Build.0 = Release|Win32
		{06D275AD-AD6C-4C7F-8130-FEF9F2662535}.Debug|x64.ActiveCfg = Debug|x64
		{06D275AD-AD6C-4C7F-8130-FEF9F2662535}.Debug|x64.Build.0 = Debug|x64
		{06D275AD-AD6C-4C7F-8130-FEF9F2662535}.Debug|x86.ActiveCfg = Debug|Win32
		{06D275AD-AD6C-4C7F-8130-FEF9F2662535}.Debug|x86.Build.0 = Debug|Win32
		{06D275AD-AD6C-4C7F-8130-FEF9F2662535}.Release|x64.ActiveCfg = Release|x64
		{06D275AD-AD6C-4C7F-8130-FEF9F2662535}.Release|x64.Build.0 = Release|x64
		{06D275AD-AD6C-4C7F-8130-FEF9F2662535}.Release|x86.ActiveCfg = Release|Win32
		{06D275AD-AD6C-4C7F-8130-FEF9F2662535}.Release|x86.Build.0 = Release|Win32
	EndGlobalSection
	GlobalSection(SolutionProperties) = preSolution
		HideSolutionNode = FALSE
	EndGlobalSection
	GlobalSection(NestedProjects) = preSolution
		{8151F896-6916-49D8-B815-FF33FCB4C399} = {FE93BBBD-5739-458F-A2AC-EB6B8B1E944C}
		{99647107-C373-4470-AD51-52E268E35EF9} = {FE93BBBD-5739-458F-A2AC-EB6B8B1E944C}
	EndGlobalSection
	GlobalSection(ExtensibilityGlobals) = postSolution
		SolutionGuid = {D440C369-0D2B-40BD-BF41-3FCA4BC1EA17}
	EndGlobalSection
EndGlobal
