
Microsoft Visual Studio Solution File, Format Version 12.00
# Visual Studio Version 16
VisualStudioVersion = 16.0.31702.278
MinimumVisualStudioVersion = 10.0.40219.1
Project("{8BC9CEB8-8B4A-11D0-8D11-00A0C91BC942}") = "LoggerSvr", "LoggerSvr\LoggerSvr.vcxproj", "{1CE75D68-B4E8-4916-B4C4-2E892CBCA256}"
EndProject
Project("{8BC9CEB8-8B4A-11D0-8D11-00A0C91BC942}") = "TestLog", "TestLog\TestLog.vcxproj", "{F6D9BEC3-48A9-4EA7-8F1F-5A388D7DF6BB}"
EndProject
Project("{2150E333-8FDC-42A3-9474-1A3956D46DE8}") = "Mailslots", "Mailslots", "{AA443770-1016-4AA1-A116-FA224680E41E}"
EndProject
Project("{2150E333-8FDC-42A3-9474-1A3956D46DE8}") = "Pipes", "Pipes", "{0965B2D0-43A2-4F14-B716-ED5242F117E9}"
EndProject
Project("{8BC9CEB8-8B4A-11D0-8D11-00A0C91BC942}") = "SimplePipe", "SimplePipe\SimplePipe.vcxproj", "{FB58617E-B9CB-4D7E-8320-98D72FC8C88C}"
EndProject
Project("{8BC9CEB8-8B4A-11D0-8D11-00A0C91BC942}") = "CalculatorSvr", "CalculatorSvr\CalculatorSvr.vcxproj", "{D0EF237B-B449-46C0-9A4E-F27BFAB0E64F}"
EndProject
Project("{8BC9CEB8-8B4A-11D0-8D11-00A0C91BC942}") = "CalcClient", "CalcClient\CalcClient.vcxproj", "{4603C913-DA9D-406D-B0E7-F38126900B40}"
EndProject
Global
	GlobalSection(SolutionConfigurationPlatforms) = preSolution
		Debug|x64 = Debug|x64
		Debug|x86 = Debug|x86
		Release|x64 = Release|x64
		Release|x86 = Release|x86
	EndGlobalSection
	GlobalSection(ProjectConfigurationPlatforms) = postSolution
		{1CE75D68-B4E8-4916-B4C4-2E892CBCA256}.Debug|x64.ActiveCfg = Debug|x64
		{1CE75D68-B4E8-4916-B4C4-2E892CBCA256}.Debug|x64.Build.0 = Debug|x64
		{1CE75D68-B4E8-4916-B4C4-2E892CBCA256}.Debug|x86.ActiveCfg = Debug|Win32
		{1CE75D68-B4E8-4916-B4C4-2E892CBCA256}.Debug|x86.Build.0 = Debug|Win32
		{1CE75D68-B4E8-4916-B4C4-2E892CBCA256}.Release|x64.ActiveCfg = Release|x64
		{1CE75D68-B4E8-4916-B4C4-2E892CBCA256}.Release|x64.Build.0 = Release|x64
		{1CE75D68-B4E8-4916-B4C4-2E892CBCA256}.Release|x86.ActiveCfg = Release|Win32
		{1CE75D68-B4E8-4916-B4C4-2E892CBCA256}.Release|x86.Build.0 = Release|Win32
		{F6D9BEC3-48A9-4EA7-8F1F-5A388D7DF6BB}.Debug|x64.ActiveCfg = Debug|x64
		{F6D9BEC3-48A9-4EA7-8F1F-5A388D7DF6BB}.Debug|x64.Build.0 = Debug|x64
		{F6D9BEC3-48A9-4EA7-8F1F-5A388D7DF6BB}.Debug|x86.ActiveCfg = Debug|Win32
		{F6D9BEC3-48A9-4EA7-8F1F-5A388D7DF6BB}.Debug|x86.Build.0 = Debug|Win32
		{F6D9BEC3-48A9-4EA7-8F1F-5A388D7DF6BB}.Release|x64.ActiveCfg = Release|x64
		{F6D9BEC3-48A9-4EA7-8F1F-5A388D7DF6BB}.Release|x64.Build.0 = Release|x64
		{F6D9BEC3-48A9-4EA7-8F1F-5A388D7DF6BB}.Release|x86.ActiveCfg = Release|Win32
		{F6D9BEC3-48A9-4EA7-8F1F-5A388D7DF6BB}.Release|x86.Build.0 = Release|Win32
		{FB58617E-B9CB-4D7E-8320-98D72FC8C88C}.Debug|x64.ActiveCfg = Debug|x64
		{FB58617E-B9CB-4D7E-8320-98D72FC8C88C}.Debug|x64.Build.0 = Debug|x64
		{FB58617E-B9CB-4D7E-8320-98D72FC8C88C}.Debug|x86.ActiveCfg = Debug|Win32
		{FB58617E-B9CB-4D7E-8320-98D72FC8C88C}.Debug|x86.Build.0 = Debug|Win32
		{FB58617E-B9CB-4D7E-8320-98D72FC8C88C}.Release|x64.ActiveCfg = Release|x64
		{FB58617E-B9CB-4D7E-8320-98D72FC8C88C}.Release|x64.Build.0 = Release|x64
		{FB58617E-B9CB-4D7E-8320-98D72FC8C88C}.Release|x86.ActiveCfg = Release|Win32
		{FB58617E-B9CB-4D7E-8320-98D72FC8C88C}.Release|x86.Build.0 = Release|Win32
		{D0EF237B-B449-46C0-9A4E-F27BFAB0E64F}.Debug|x64.ActiveCfg = Debug|x64
		{D0EF237B-B449-46C0-9A4E-F27BFAB0E64F}.Debug|x64.Build.0 = Debug|x64
		{D0EF237B-B449-46C0-9A4E-F27BFAB0E64F}.Debug|x86.ActiveCfg = Debug|Win32
		{D0EF237B-B449-46C0-9A4E-F27BFAB0E64F}.Debug|x86.Build.0 = Debug|Win32
		{D0EF237B-B449-46C0-9A4E-F27BFAB0E64F}.Release|x64.ActiveCfg = Release|x64
		{D0EF237B-B449-46C0-9A4E-F27BFAB0E64F}.Release|x64.Build.0 = Release|x64
		{D0EF237B-B449-46C0-9A4E-F27BFAB0E64F}.Release|x86.ActiveCfg = Release|Win32
		{D0EF237B-B449-46C0-9A4E-F27BFAB0E64F}.Release|x86.Build.0 = Release|Win32
		{4603C913-DA9D-406D-B0E7-F38126900B40}.Debug|x64.ActiveCfg = Debug|x64
		{4603C913-DA9D-406D-B0E7-F38126900B40}.Debug|x64.Build.0 = Debug|x64
		{4603C913-DA9D-406D-B0E7-F38126900B40}.Debug|x86.ActiveCfg = Debug|Win32
		{4603C913-DA9D-406D-B0E7-F38126900B40}.Debug|x86.Build.0 = Debug|Win32
		{4603C913-DA9D-406D-B0E7-F38126900B40}.Release|x64.ActiveCfg = Release|x64
		{4603C913-DA9D-406D-B0E7-F38126900B40}.Release|x64.Build.0 = Release|x64
		{4603C913-DA9D-406D-B0E7-F38126900B40}.Release|x86.ActiveCfg = Release|Win32
		{4603C913-DA9D-406D-B0E7-F38126900B40}.Release|x86.Build.0 = Release|Win32
	EndGlobalSection
	GlobalSection(SolutionProperties) = preSolution
		HideSolutionNode = FALSE
	EndGlobalSection
	GlobalSection(NestedProjects) = preSolution
		{1CE75D68-B4E8-4916-B4C4-2E892CBCA256} = {AA443770-1016-4AA1-A116-FA224680E41E}
		{F6D9BEC3-48A9-4EA7-8F1F-5A388D7DF6BB} = {AA443770-1016-4AA1-A116-FA224680E41E}
		{FB58617E-B9CB-4D7E-8320-98D72FC8C88C} = {0965B2D0-43A2-4F14-B716-ED5242F117E9}
		{D0EF237B-B449-46C0-9A4E-F27BFAB0E64F} = {0965B2D0-43A2-4F14-B716-ED5242F117E9}
		{4603C913-DA9D-406D-B0E7-F38126900B40} = {0965B2D0-43A2-4F14-B716-ED5242F117E9}
	EndGlobalSection
	GlobalSection(ExtensibilityGlobals) = postSolution
		SolutionGuid = {9DF211CA-5B6F-490E-B3E8-6BA21F6C0E5C}
	EndGlobalSection
EndGlobal
