
Microsoft Visual Studio Solution File, Format Version 12.00
# Visual Studio Version 16
VisualStudioVersion = 16.0.30428.66
MinimumVisualStudioVersion = 10.0.40219.1
Project("{8BC9CEB8-8B4A-11D0-8D11-00A0C91BC942}") = "BitsDemo", "BitsDemo\BitsDemo.vcxproj", "{946E0620-C863-48F8-A2A8-3C200D7D8D5B}"
EndProject
Project("{8BC9CEB8-8B4A-11D0-8D11-00A0C91BC942}") = "RPNCalcSvr", "RPNCalcSvr\RPNCalcSvr.vcxproj", "{677B9350-AE08-4DC5-A98B-8EBEEF98E8BD}"
EndProject
Project("{8BC9CEB8-8B4A-11D0-8D11-00A0C91BC942}") = "Calculator", "Calculator\Calculator.vcxproj", "{07F98BBC-9FBC-4B29-80DA-5EF85FE1A4CC}"
EndProject
Project("{FAE04EC0-301F-11D3-BF4B-00C04F79EFBC}") = "CalcCS", "CalcCS\CalcCS.csproj", "{38C18AC8-EDE3-45B3-AF2C-FAC44BBFC5BD}"
EndProject
Project("{FAE04EC0-301F-11D3-BF4B-00C04F79EFBC}") = "BitsDemoCS", "BitsDemoCS\BitsDemoCS.csproj", "{BC4C9888-C2C1-4E65-BCD9-422EBD8E937A}"
EndProject
Global
	GlobalSection(SolutionConfigurationPlatforms) = preSolution
		Debug|Any CPU = Debug|Any CPU
		Debug|x64 = Debug|x64
		Debug|x86 = Debug|x86
		Release|Any CPU = Release|Any CPU
		Release|x64 = Release|x64
		Release|x86 = Release|x86
	EndGlobalSection
	GlobalSection(ProjectConfigurationPlatforms) = postSolution
		{946E0620-C863-48F8-A2A8-3C200D7D8D5B}.Debug|Any CPU.ActiveCfg = Debug|Win32
		{946E0620-C863-48F8-A2A8-3C200D7D8D5B}.Debug|x64.ActiveCfg = Debug|x64
		{946E0620-C863-48F8-A2A8-3C200D7D8D5B}.Debug|x64.Build.0 = Debug|x64
		{946E0620-C863-48F8-A2A8-3C200D7D8D5B}.Debug|x86.ActiveCfg = Debug|Win32
		{946E0620-C863-48F8-A2A8-3C200D7D8D5B}.Debug|x86.Build.0 = Debug|Win32
		{946E0620-C863-48F8-A2A8-3C200D7D8D5B}.Release|Any CPU.ActiveCfg = Release|Win32
		{946E0620-C863-48F8-A2A8-3C200D7D8D5B}.Release|x64.ActiveCfg = Release|x64
		{946E0620-C863-48F8-A2A8-3C200D7D8D5B}.Release|x64.Build.0 = Release|x64
		{946E0620-C863-48F8-A2A8-3C200D7D8D5B}.Release|x86.ActiveCfg = Release|Win32
		{946E0620-C863-48F8-A2A8-3C200D7D8D5B}.Release|x86.Build.0 = Release|Win32
		{677B9350-AE08-4DC5-A98B-8EBEEF98E8BD}.Debug|Any CPU.ActiveCfg = Debug|Win32
		{677B9350-AE08-4DC5-A98B-8EBEEF98E8BD}.Debug|x64.ActiveCfg = Debug|x64
		{677B9350-AE08-4DC5-A98B-8EBEEF98E8BD}.Debug|x64.Build.0 = Debug|x64
		{677B9350-AE08-4DC5-A98B-8EBEEF98E8BD}.Debug|x86.ActiveCfg = Debug|Win32
		{677B9350-AE08-4DC5-A98B-8EBEEF98E8BD}.Debug|x86.Build.0 = Debug|Win32
		{677B9350-AE08-4DC5-A98B-8EBEEF98E8BD}.Release|Any CPU.ActiveCfg = Release|Win32
		{677B9350-AE08-4DC5-A98B-8EBEEF98E8BD}.Release|x64.ActiveCfg = Release|x64
		{677B9350-AE08-4DC5-A98B-8EBEEF98E8BD}.Release|x64.Build.0 = Release|x64
		{677B9350-AE08-4DC5-A98B-8EBEEF98E8BD}.Release|x86.ActiveCfg = Release|Win32
		{677B9350-AE08-4DC5-A98B-8EBEEF98E8BD}.Release|x86.Build.0 = Release|Win32
		{07F98BBC-9FBC-4B29-80DA-5EF85FE1A4CC}.Debug|Any CPU.ActiveCfg = Debug|Win32
		{07F98BBC-9FBC-4B29-80DA-5EF85FE1A4CC}.Debug|x64.ActiveCfg = Debug|x64
		{07F98BBC-9FBC-4B29-80DA-5EF85FE1A4CC}.Debug|x64.Build.0 = Debug|x64
		{07F98BBC-9FBC-4B29-80DA-5EF85FE1A4CC}.Debug|x86.ActiveCfg = Debug|Win32
		{07F98BBC-9FBC-4B29-80DA-5EF85FE1A4CC}.Debug|x86.Build.0 = Debug|Win32
		{07F98BBC-9FBC-4B29-80DA-5EF85FE1A4CC}.Release|Any CPU.ActiveCfg = Release|Win32
		{07F98BBC-9FBC-4B29-80DA-5EF85FE1A4CC}.Release|x64.ActiveCfg = Release|x64
		{07F98BBC-9FBC-4B29-80DA-5EF85FE1A4CC}.Release|x64.Build.0 = Release|x64
		{07F98BBC-9FBC-4B29-80DA-5EF85FE1A4CC}.Release|x86.ActiveCfg = Release|Win32
		{07F98BBC-9FBC-4B29-80DA-5EF85FE1A4CC}.Release|x86.Build.0 = Release|Win32
		{38C18AC8-EDE3-45B3-AF2C-FAC44BBFC5BD}.Debug|Any CPU.ActiveCfg = Debug|Any CPU
		{38C18AC8-EDE3-45B3-AF2C-FAC44BBFC5BD}.Debug|Any CPU.Build.0 = Debug|Any CPU
		{38C18AC8-EDE3-45B3-AF2C-FAC44BBFC5BD}.Debug|x64.ActiveCfg = Debug|Any CPU
		{38C18AC8-EDE3-45B3-AF2C-FAC44BBFC5BD}.Debug|x64.Build.0 = Debug|Any CPU
		{38C18AC8-EDE3-45B3-AF2C-FAC44BBFC5BD}.Debug|x86.ActiveCfg = Debug|Any CPU
		{38C18AC8-EDE3-45B3-AF2C-FAC44BBFC5BD}.Debug|x86.Build.0 = Debug|Any CPU
		{38C18AC8-EDE3-45B3-AF2C-FAC44BBFC5BD}.Release|Any CPU.ActiveCfg = Release|Any CPU
		{38C18AC8-EDE3-45B3-AF2C-FAC44BBFC5BD}.Release|Any CPU.Build.0 = Release|Any CPU
		{38C18AC8-EDE3-45B3-AF2C-FAC44BBFC5BD}.Release|x64.ActiveCfg = Release|Any CPU
		{38C18AC8-EDE3-45B3-AF2C-FAC44BBFC5BD}.Release|x64.Build.0 = Release|Any CPU
		{38C18AC8-EDE3-45B3-AF2C-FAC44BBFC5BD}.Release|x86.ActiveCfg = Release|Any CPU
		{38C18AC8-EDE3-45B3-AF2C-FAC44BBFC5BD}.Release|x86.Build.0 = Release|Any CPU
		{BC4C9888-C2C1-4E65-BCD9-422EBD8E937A}.Debug|Any CPU.ActiveCfg = Debug|Any CPU
		{BC4C9888-C2C1-4E65-BCD9-422EBD8E937A}.Debug|Any CPU.Build.0 = Debug|Any CPU
		{BC4C9888-C2C1-4E65-BCD9-422EBD8E937A}.Debug|x64.ActiveCfg = Debug|Any CPU
		{BC4C9888-C2C1-4E65-BCD9-422EBD8E937A}.Debug|x64.Build.0 = Debug|Any CPU
		{BC4C9888-C2C1-4E65-BCD9-422EBD8E937A}.Debug|x86.ActiveCfg = Debug|Any CPU
		{BC4C9888-C2C1-4E65-BCD9-422EBD8E937A}.Debug|x86.Build.0 = Debug|Any CPU
		{BC4C9888-C2C1-4E65-BCD9-422EBD8E937A}.Release|Any CPU.ActiveCfg = Release|Any CPU
		{BC4C9888-C2C1-4E65-BCD9-422EBD8E937A}.Release|Any CPU.Build.0 = Release|Any CPU
		{BC4C9888-C2C1-4E65-BCD9-422EBD8E937A}.Release|x64.ActiveCfg = Release|Any CPU
		{BC4C9888-C2C1-4E65-BCD9-422EBD8E937A}.Release|x64.Build.0 = Release|Any CPU
		{BC4C9888-C2C1-4E65-BCD9-422EBD8E937A}.Release|x86.ActiveCfg = Release|Any CPU
		{BC4C9888-C2C1-4E65-BCD9-422EBD8E937A}.Release|x86.Build.0 = Release|Any CPU
	EndGlobalSection
	GlobalSection(SolutionProperties) = preSolution
		HideSolutionNode = FALSE
	EndGlobalSection
	GlobalSection(ExtensibilityGlobals) = postSolution
		SolutionGuid = {62634578-2E65-4233-B696-F13F3855561C}
	EndGlobalSection
EndGlobal
