
Microsoft Visual Studio Solution File, Format Version 12.00
# Visual Studio Version 16
VisualStudioVersion = 16.0.30428.66
MinimumVisualStudioVersion = 10.0.40219.1
Project("{8BC9CEB8-8B4A-11D0-8D11-00A0C91BC942}") = "BitsDemo", "BitsDemo\BitsDemo.vcxproj", "{946E0620-C863-48F8-A2A8-3C200D7D8D5B}"
EndProject
Project("{8BC9CEB8-8B4A-11D0-8D11-00A0C91BC942}") = "RPNCalcSvr", "RPNCalcSvr\RPNCalcSvr.vcxproj", "{677B9350-AE08-4DC5-A98B-8EBEEF98E8BD}"
EndProject
Global
	GlobalSection(SolutionConfigurationPlatforms) = preSolution
		Debug|x64 = Debug|x64
		Debug|x86 = Debug|x86
		Release|x64 = Release|x64
		Release|x86 = Release|x86
	EndGlobalSection
	GlobalSection(ProjectConfigurationPlatforms) = postSolution
		{946E0620-C863-48F8-A2A8-3C200D7D8D5B}.Debug|x64.ActiveCfg = Debug|x64
		{946E0620-C863-48F8-A2A8-3C200D7D8D5B}.Debug|x64.Build.0 = Debug|x64
		{946E0620-C863-48F8-A2A8-3C200D7D8D5B}.Debug|x86.ActiveCfg = Debug|Win32
		{946E0620-C863-48F8-A2A8-3C200D7D8D5B}.Debug|x86.Build.0 = Debug|Win32
		{946E0620-C863-48F8-A2A8-3C200D7D8D5B}.Release|x64.ActiveCfg = Release|x64
		{946E0620-C863-48F8-A2A8-3C200D7D8D5B}.Release|x64.Build.0 = Release|x64
		{946E0620-C863-48F8-A2A8-3C200D7D8D5B}.Release|x86.ActiveCfg = Release|Win32
		{946E0620-C863-48F8-A2A8-3C200D7D8D5B}.Release|x86.Build.0 = Release|Win32
		{677B9350-AE08-4DC5-A98B-8EBEEF98E8BD}.Debug|x64.ActiveCfg = Debug|x64
		{677B9350-AE08-4DC5-A98B-8EBEEF98E8BD}.Debug|x64.Build.0 = Debug|x64
		{677B9350-AE08-4DC5-A98B-8EBEEF98E8BD}.Debug|x86.ActiveCfg = Debug|Win32
		{677B9350-AE08-4DC5-A98B-8EBEEF98E8BD}.Debug|x86.Build.0 = Debug|Win32
		{677B9350-AE08-4DC5-A98B-8EBEEF98E8BD}.Release|x64.ActiveCfg = Release|x64
		{677B9350-AE08-4DC5-A98B-8EBEEF98E8BD}.Release|x64.Build.0 = Release|x64
		{677B9350-AE08-4DC5-A98B-8EBEEF98E8BD}.Release|x86.ActiveCfg = Release|Win32
		{677B9350-AE08-4DC5-A98B-8EBEEF98E8BD}.Release|x86.Build.0 = Release|Win32
	EndGlobalSection
	GlobalSection(SolutionProperties) = preSolution
		HideSolutionNode = FALSE
	EndGlobalSection
	GlobalSection(ExtensibilityGlobals) = postSolution
		SolutionGuid = {62634578-2E65-4233-B696-F13F3855561C}
	EndGlobalSection
EndGlobal
