
Microsoft Visual Studio Solution File, Format Version 12.00
# Visual Studio Version 16
VisualStudioVersion = 16.0.30803.129
MinimumVisualStudioVersion = 10.0.40219.1
Project("{8BC9CEB8-8B4A-11D0-8D11-00A0C91BC942}") = "DebugPrint", "DebugPrint\DebugPrint.vcxproj", "{68865328-F616-4A0F-96D0-CE65B835D965}"
EndProject
Project("{8BC9CEB8-8B4A-11D0-8D11-00A0C91BC942}") = "SimpleDebug", "SimpleDebug\SimpleDebug.vcxproj", "{8BD40AD5-7B5C-485D-8BB1-4D22B3CC399B}"
EndProject
Project("{8BC9CEB8-8B4A-11D0-8D11-00A0C91BC942}") = "QSlice", "QSlice\QSlice.vcxproj", "{B951562F-5B80-4E49-9C6F-1F493A17E6C3}"
EndProject
Project("{8BC9CEB8-8B4A-11D0-8D11-00A0C91BC942}") = "CounterSelector", "CounterSelector\CounterSelector.vcxproj", "{2DE287D1-9109-4B25-8D90-5E89A8326782}"
EndProject
Project("{8BC9CEB8-8B4A-11D0-8D11-00A0C91BC942}") = "snapproc", "snapproc\snapproc.vcxproj", "{7ED8C594-E2F1-4B4D-B950-1AC47B364E1F}"
EndProject
Project("{8BC9CEB8-8B4A-11D0-8D11-00A0C91BC942}") = "EtwMeta", "EtwMeta\EtwMeta.vcxproj", "{FBCB6A9D-D5FC-4B21-97EA-B4146A1042DD}"
EndProject
Project("{8BC9CEB8-8B4A-11D0-8D11-00A0C91BC942}") = "RunETW", "RunETW\RunETW.vcxproj", "{F186BC69-871B-438B-B6A8-053737342D07}"
EndProject
Project("{8BC9CEB8-8B4A-11D0-8D11-00A0C91BC942}") = "ParseETW", "ParseETW\ParseETW.vcxproj", "{3F5863E5-D5D9-41F3-932B-F11C550E65DE}"
EndProject
Project("{8BC9CEB8-8B4A-11D0-8D11-00A0C91BC942}") = "RunETW2", "RunETW2\RunETW2.vcxproj", "{23F4F057-4C62-4C59-B2ED-D3833A35B696}"
EndProject
Project("{8BC9CEB8-8B4A-11D0-8D11-00A0C91BC942}") = "KernelETW", "KernelETW\KernelETW.vcxproj", "{7438091C-4677-48D0-850B-99204EA38B2C}"
EndProject
Project("{8BC9CEB8-8B4A-11D0-8D11-00A0C91BC942}") = "MD5Calc", "MD5Calc\MD5Calc.vcxproj", "{5B7582F0-A43D-49C1-AFEB-9D7FAF936BC6}"
EndProject
Global
	GlobalSection(SolutionConfigurationPlatforms) = preSolution
		Debug|x64 = Debug|x64
		Debug|x86 = Debug|x86
		Release|x64 = Release|x64
		Release|x86 = Release|x86
	EndGlobalSection
	GlobalSection(ProjectConfigurationPlatforms) = postSolution
		{68865328-F616-4A0F-96D0-CE65B835D965}.Debug|x64.ActiveCfg = Debug|x64
		{68865328-F616-4A0F-96D0-CE65B835D965}.Debug|x64.Build.0 = Debug|x64
		{68865328-F616-4A0F-96D0-CE65B835D965}.Debug|x86.ActiveCfg = Debug|Win32
		{68865328-F616-4A0F-96D0-CE65B835D965}.Debug|x86.Build.0 = Debug|Win32
		{68865328-F616-4A0F-96D0-CE65B835D965}.Release|x64.ActiveCfg = Release|x64
		{68865328-F616-4A0F-96D0-CE65B835D965}.Release|x64.Build.0 = Release|x64
		{68865328-F616-4A0F-96D0-CE65B835D965}.Release|x86.ActiveCfg = Release|Win32
		{68865328-F616-4A0F-96D0-CE65B835D965}.Release|x86.Build.0 = Release|Win32
		{8BD40AD5-7B5C-485D-8BB1-4D22B3CC399B}.Debug|x64.ActiveCfg = Debug|x64
		{8BD40AD5-7B5C-485D-8BB1-4D22B3CC399B}.Debug|x64.Build.0 = Debug|x64
		{8BD40AD5-7B5C-485D-8BB1-4D22B3CC399B}.Debug|x86.ActiveCfg = Debug|Win32
		{8BD40AD5-7B5C-485D-8BB1-4D22B3CC399B}.Debug|x86.Build.0 = Debug|Win32
		{8BD40AD5-7B5C-485D-8BB1-4D22B3CC399B}.Release|x64.ActiveCfg = Release|x64
		{8BD40AD5-7B5C-485D-8BB1-4D22B3CC399B}.Release|x64.Build.0 = Release|x64
		{8BD40AD5-7B5C-485D-8BB1-4D22B3CC399B}.Release|x86.ActiveCfg = Release|Win32
		{8BD40AD5-7B5C-485D-8BB1-4D22B3CC399B}.Release|x86.Build.0 = Release|Win32
		{B951562F-5B80-4E49-9C6F-1F493A17E6C3}.Debug|x64.ActiveCfg = Debug|x64
		{B951562F-5B80-4E49-9C6F-1F493A17E6C3}.Debug|x64.Build.0 = Debug|x64
		{B951562F-5B80-4E49-9C6F-1F493A17E6C3}.Debug|x86.ActiveCfg = Debug|Win32
		{B951562F-5B80-4E49-9C6F-1F493A17E6C3}.Debug|x86.Build.0 = Debug|Win32
		{B951562F-5B80-4E49-9C6F-1F493A17E6C3}.Release|x64.ActiveCfg = Release|x64
		{B951562F-5B80-4E49-9C6F-1F493A17E6C3}.Release|x64.Build.0 = Release|x64
		{B951562F-5B80-4E49-9C6F-1F493A17E6C3}.Release|x86.ActiveCfg = Release|Win32
		{B951562F-5B80-4E49-9C6F-1F493A17E6C3}.Release|x86.Build.0 = Release|Win32
		{2DE287D1-9109-4B25-8D90-5E89A8326782}.Debug|x64.ActiveCfg = Debug|x64
		{2DE287D1-9109-4B25-8D90-5E89A8326782}.Debug|x64.Build.0 = Debug|x64
		{2DE287D1-9109-4B25-8D90-5E89A8326782}.Debug|x86.ActiveCfg = Debug|Win32
		{2DE287D1-9109-4B25-8D90-5E89A8326782}.Debug|x86.Build.0 = Debug|Win32
		{2DE287D1-9109-4B25-8D90-5E89A8326782}.Release|x64.ActiveCfg = Release|x64
		{2DE287D1-9109-4B25-8D90-5E89A8326782}.Release|x64.Build.0 = Release|x64
		{2DE287D1-9109-4B25-8D90-5E89A8326782}.Release|x86.ActiveCfg = Release|Win32
		{2DE287D1-9109-4B25-8D90-5E89A8326782}.Release|x86.Build.0 = Release|Win32
		{7ED8C594-E2F1-4B4D-B950-1AC47B364E1F}.Debug|x64.ActiveCfg = Debug|x64
		{7ED8C594-E2F1-4B4D-B950-1AC47B364E1F}.Debug|x64.Build.0 = Debug|x64
		{7ED8C594-E2F1-4B4D-B950-1AC47B364E1F}.Debug|x86.ActiveCfg = Debug|Win32
		{7ED8C594-E2F1-4B4D-B950-1AC47B364E1F}.Debug|x86.Build.0 = Debug|Win32
		{7ED8C594-E2F1-4B4D-B950-1AC47B364E1F}.Release|x64.ActiveCfg = Release|x64
		{7ED8C594-E2F1-4B4D-B950-1AC47B364E1F}.Release|x64.Build.0 = Release|x64
		{7ED8C594-E2F1-4B4D-B950-1AC47B364E1F}.Release|x86.ActiveCfg = Release|Win32
		{7ED8C594-E2F1-4B4D-B950-1AC47B364E1F}.Release|x86.Build.0 = Release|Win32
		{FBCB6A9D-D5FC-4B21-97EA-B4146A1042DD}.Debug|x64.ActiveCfg = Debug|x64
		{FBCB6A9D-D5FC-4B21-97EA-B4146A1042DD}.Debug|x64.Build.0 = Debug|x64
		{FBCB6A9D-D5FC-4B21-97EA-B4146A1042DD}.Debug|x86.ActiveCfg = Debug|Win32
		{FBCB6A9D-D5FC-4B21-97EA-B4146A1042DD}.Debug|x86.Build.0 = Debug|Win32
		{FBCB6A9D-D5FC-4B21-97EA-B4146A1042DD}.Release|x64.ActiveCfg = Release|x64
		{FBCB6A9D-D5FC-4B21-97EA-B4146A1042DD}.Release|x64.Build.0 = Release|x64
		{FBCB6A9D-D5FC-4B21-97EA-B4146A1042DD}.Release|x86.ActiveCfg = Release|Win32
		{FBCB6A9D-D5FC-4B21-97EA-B4146A1042DD}.Release|x86.Build.0 = Release|Win32
		{F186BC69-871B-438B-B6A8-053737342D07}.Debug|x64.ActiveCfg = Debug|x64
		{F186BC69-871B-438B-B6A8-053737342D07}.Debug|x64.Build.0 = Debug|x64
		{F186BC69-871B-438B-B6A8-053737342D07}.Debug|x86.ActiveCfg = Debug|Win32
		{F186BC69-871B-438B-B6A8-053737342D07}.Debug|x86.Build.0 = Debug|Win32
		{F186BC69-871B-438B-B6A8-053737342D07}.Release|x64.ActiveCfg = Release|x64
		{F186BC69-871B-438B-B6A8-053737342D07}.Release|x64.Build.0 = Release|x64
		{F186BC69-871B-438B-B6A8-053737342D07}.Release|x86.ActiveCfg = Release|Win32
		{F186BC69-871B-438B-B6A8-053737342D07}.Release|x86.Build.0 = Release|Win32
		{3F5863E5-D5D9-41F3-932B-F11C550E65DE}.Debug|x64.ActiveCfg = Debug|x64
		{3F5863E5-D5D9-41F3-932B-F11C550E65DE}.Debug|x64.Build.0 = Debug|x64
		{3F5863E5-D5D9-41F3-932B-F11C550E65DE}.Debug|x86.ActiveCfg = Debug|Win32
		{3F5863E5-D5D9-41F3-932B-F11C550E65DE}.Debug|x86.Build.0 = Debug|Win32
		{3F5863E5-D5D9-41F3-932B-F11C550E65DE}.Release|x64.ActiveCfg = Release|x64
		{3F5863E5-D5D9-41F3-932B-F11C550E65DE}.Release|x64.Build.0 = Release|x64
		{3F5863E5-D5D9-41F3-932B-F11C550E65DE}.Release|x86.ActiveCfg = Release|Win32
		{3F5863E5-D5D9-41F3-932B-F11C550E65DE}.Release|x86.Build.0 = Release|Win32
		{23F4F057-4C62-4C59-B2ED-D3833A35B696}.Debug|x64.ActiveCfg = Debug|x64
		{23F4F057-4C62-4C59-B2ED-D3833A35B696}.Debug|x64.Build.0 = Debug|x64
		{23F4F057-4C62-4C59-B2ED-D3833A35B696}.Debug|x86.ActiveCfg = Debug|Win32
		{23F4F057-4C62-4C59-B2ED-D3833A35B696}.Debug|x86.Build.0 = Debug|Win32
		{23F4F057-4C62-4C59-B2ED-D3833A35B696}.Release|x64.ActiveCfg = Release|x64
		{23F4F057-4C62-4C59-B2ED-D3833A35B696}.Release|x64.Build.0 = Release|x64
		{23F4F057-4C62-4C59-B2ED-D3833A35B696}.Release|x86.ActiveCfg = Release|Win32
		{23F4F057-4C62-4C59-B2ED-D3833A35B696}.Release|x86.Build.0 = Release|Win32
		{7438091C-4677-48D0-850B-99204EA38B2C}.Debug|x64.ActiveCfg = Debug|x64
		{7438091C-4677-48D0-850B-99204EA38B2C}.Debug|x64.Build.0 = Debug|x64
		{7438091C-4677-48D0-850B-99204EA38B2C}.Debug|x86.ActiveCfg = Debug|Win32
		{7438091C-4677-48D0-850B-99204EA38B2C}.Debug|x86.Build.0 = Debug|Win32
		{7438091C-4677-48D0-850B-99204EA38B2C}.Release|x64.ActiveCfg = Release|x64
		{7438091C-4677-48D0-850B-99204EA38B2C}.Release|x64.Build.0 = Release|x64
		{7438091C-4677-48D0-850B-99204EA38B2C}.Release|x86.ActiveCfg = Release|Win32
		{7438091C-4677-48D0-850B-99204EA38B2C}.Release|x86.Build.0 = Release|Win32
		{5B7582F0-A43D-49C1-AFEB-9D7FAF936BC6}.Debug|x64.ActiveCfg = Debug|x64
		{5B7582F0-A43D-49C1-AFEB-9D7FAF936BC6}.Debug|x64.Build.0 = Debug|x64
		{5B7582F0-A43D-49C1-AFEB-9D7FAF936BC6}.Debug|x86.ActiveCfg = Debug|Win32
		{5B7582F0-A43D-49C1-AFEB-9D7FAF936BC6}.Debug|x86.Build.0 = Debug|Win32
		{5B7582F0-A43D-49C1-AFEB-9D7FAF936BC6}.Release|x64.ActiveCfg = Release|x64
		{5B7582F0-A43D-49C1-AFEB-9D7FAF936BC6}.Release|x64.Build.0 = Release|x64
		{5B7582F0-A43D-49C1-AFEB-9D7FAF936BC6}.Release|x86.ActiveCfg = Release|Win32
		{5B7582F0-A43D-49C1-AFEB-9D7FAF936BC6}.Release|x86.Build.0 = Release|Win32
	EndGlobalSection
	GlobalSection(SolutionProperties) = preSolution
		HideSolutionNode = FALSE
	EndGlobalSection
	GlobalSection(ExtensibilityGlobals) = postSolution
		SolutionGuid = {352C7AF1-4D5C-4CF3-8A17-878220FB5DFA}
	EndGlobalSection
EndGlobal
