
Microsoft Visual Studio Solution File, Format Version 12.00
# Visual Studio Version 16
VisualStudioVersion = 16.0.30105.148
MinimumVisualStudioVersion = 10.0.40219.1
Project("{8BC9CEB8-8B4A-11D0-8D11-00A0C91BC942}") = "token", "token\token.vcxproj", "{E1D490B7-4E81-4885-9FD8-5D0F9E082777}"
EndProject
Project("{8BC9CEB8-8B4A-11D0-8D11-00A0C91BC942}") = "wellknownsids", "wellknownsids\wellknownsids.vcxproj", "{14E6E703-7142-47D5-A0DE-FC6AE56FD4EE}"
EndProject
Project("{8BC9CEB8-8B4A-11D0-8D11-00A0C91BC942}") = "setvirt", "setvirt\setvirt.vcxproj", "{87CF644D-CAB3-4985-A7E0-F47B3F9B5F3B}"
EndProject
Project("{8BC9CEB8-8B4A-11D0-8D11-00A0C91BC942}") = "runas", "runas\runas.vcxproj", "{1A493A08-EB7E-44E1-B76F-3B954420E6AB}"
EndProject
Project("{8BC9CEB8-8B4A-11D0-8D11-00A0C91BC942}") = "sd", "sd\sd.vcxproj", "{2B2EC96D-52CE-4488-AB26-059141E54732}"
EndProject
Project("{8BC9CEB8-8B4A-11D0-8D11-00A0C91BC942}") = "cfgdemo", "cfgdemo\cfgdemo.vcxproj", "{D1FF8D68-816E-42D4-84D2-EDECAFBBE1F8}"
EndProject
Global
	GlobalSection(SolutionConfigurationPlatforms) = preSolution
		Debug|x64 = Debug|x64
		Debug|x86 = Debug|x86
		Release|x64 = Release|x64
		Release|x86 = Release|x86
	EndGlobalSection
	GlobalSection(ProjectConfigurationPlatforms) = postSolution
		{E1D490B7-4E81-4885-9FD8-5D0F9E082777}.Debug|x64.ActiveCfg = Debug|x64
		{E1D490B7-4E81-4885-9FD8-5D0F9E082777}.Debug|x64.Build.0 = Debug|x64
		{E1D490B7-4E81-4885-9FD8-5D0F9E082777}.Debug|x86.ActiveCfg = Debug|Win32
		{E1D490B7-4E81-4885-9FD8-5D0F9E082777}.Debug|x86.Build.0 = Debug|Win32
		{E1D490B7-4E81-4885-9FD8-5D0F9E082777}.Release|x64.ActiveCfg = Release|x64
		{E1D490B7-4E81-4885-9FD8-5D0F9E082777}.Release|x64.Build.0 = Release|x64
		{E1D490B7-4E81-4885-9FD8-5D0F9E082777}.Release|x86.ActiveCfg = Release|Win32
		{E1D490B7-4E81-4885-9FD8-5D0F9E082777}.Release|x86.Build.0 = Release|Win32
		{14E6E703-7142-47D5-A0DE-FC6AE56FD4EE}.Debug|x64.ActiveCfg = Debug|x64
		{14E6E703-7142-47D5-A0DE-FC6AE56FD4EE}.Debug|x64.Build.0 = Debug|x64
		{14E6E703-7142-47D5-A0DE-FC6AE56FD4EE}.Debug|x86.ActiveCfg = Debug|Win32
		{14E6E703-7142-47D5-A0DE-FC6AE56FD4EE}.Debug|x86.Build.0 = Debug|Win32
		{14E6E703-7142-47D5-A0DE-FC6AE56FD4EE}.Release|x64.ActiveCfg = Release|x64
		{14E6E703-7142-47D5-A0DE-FC6AE56FD4EE}.Release|x64.Build.0 = Release|x64
		{14E6E703-7142-47D5-A0DE-FC6AE56FD4EE}.Release|x86.ActiveCfg = Release|Win32
		{14E6E703-7142-47D5-A0DE-FC6AE56FD4EE}.Release|x86.Build.0 = Release|Win32
		{87CF644D-CAB3-4985-A7E0-F47B3F9B5F3B}.Debug|x64.ActiveCfg = Debug|x64
		{87CF644D-CAB3-4985-A7E0-F47B3F9B5F3B}.Debug|x64.Build.0 = Debug|x64
		{87CF644D-CAB3-4985-A7E0-F47B3F9B5F3B}.Debug|x86.ActiveCfg = Debug|Win32
		{87CF644D-CAB3-4985-A7E0-F47B3F9B5F3B}.Debug|x86.Build.0 = Debug|Win32
		{87CF644D-CAB3-4985-A7E0-F47B3F9B5F3B}.Release|x64.ActiveCfg = Release|x64
		{87CF644D-CAB3-4985-A7E0-F47B3F9B5F3B}.Release|x64.Build.0 = Release|x64
		{87CF644D-CAB3-4985-A7E0-F47B3F9B5F3B}.Release|x86.ActiveCfg = Release|Win32
		{87CF644D-CAB3-4985-A7E0-F47B3F9B5F3B}.Release|x86.Build.0 = Release|Win32
		{1A493A08-EB7E-44E1-B76F-3B954420E6AB}.Debug|x64.ActiveCfg = Debug|x64
		{1A493A08-EB7E-44E1-B76F-3B954420E6AB}.Debug|x64.Build.0 = Debug|x64
		{1A493A08-EB7E-44E1-B76F-3B954420E6AB}.Debug|x86.ActiveCfg = Debug|Win32
		{1A493A08-EB7E-44E1-B76F-3B954420E6AB}.Debug|x86.Build.0 = Debug|Win32
		{1A493A08-EB7E-44E1-B76F-3B954420E6AB}.Release|x64.ActiveCfg = Release|x64
		{1A493A08-EB7E-44E1-B76F-3B954420E6AB}.Release|x64.Build.0 = Release|x64
		{1A493A08-EB7E-44E1-B76F-3B954420E6AB}.Release|x86.ActiveCfg = Release|Win32
		{1A493A08-EB7E-44E1-B76F-3B954420E6AB}.Release|x86.Build.0 = Release|Win32
		{2B2EC96D-52CE-4488-AB26-059141E54732}.Debug|x64.ActiveCfg = Debug|x64
		{2B2EC96D-52CE-4488-AB26-059141E54732}.Debug|x64.Build.0 = Debug|x64
		{2B2EC96D-52CE-4488-AB26-059141E54732}.Debug|x86.ActiveCfg = Debug|Win32
		{2B2EC96D-52CE-4488-AB26-059141E54732}.Debug|x86.Build.0 = Debug|Win32
		{2B2EC96D-52CE-4488-AB26-059141E54732}.Release|x64.ActiveCfg = Release|x64
		{2B2EC96D-52CE-4488-AB26-059141E54732}.Release|x64.Build.0 = Release|x64
		{2B2EC96D-52CE-4488-AB26-059141E54732}.Release|x86.ActiveCfg = Release|Win32
		{2B2EC96D-52CE-4488-AB26-059141E54732}.Release|x86.Build.0 = Release|Win32
		{D1FF8D68-816E-42D4-84D2-EDECAFBBE1F8}.Debug|x64.ActiveCfg = Debug|x64
		{D1FF8D68-816E-42D4-84D2-EDECAFBBE1F8}.Debug|x64.Build.0 = Debug|x64
		{D1FF8D68-816E-42D4-84D2-EDECAFBBE1F8}.Debug|x86.ActiveCfg = Debug|Win32
		{D1FF8D68-816E-42D4-84D2-EDECAFBBE1F8}.Debug|x86.Build.0 = Debug|Win32
		{D1FF8D68-816E-42D4-84D2-EDECAFBBE1F8}.Release|x64.ActiveCfg = Release|x64
		{D1FF8D68-816E-42D4-84D2-EDECAFBBE1F8}.Release|x64.Build.0 = Release|x64
		{D1FF8D68-816E-42D4-84D2-EDECAFBBE1F8}.Release|x86.ActiveCfg = Release|Win32
		{D1FF8D68-816E-42D4-84D2-EDECAFBBE1F8}.Release|x86.Build.0 = Release|Win32
	EndGlobalSection
	GlobalSection(SolutionProperties) = preSolution
		HideSolutionNode = FALSE
	EndGlobalSection
	GlobalSection(ExtensibilityGlobals) = postSolution
		SolutionGuid = {623DA54B-586B-4159-AD35-F5C30D123CD0}
	EndGlobalSection
EndGlobal
