
Microsoft Visual Studio Solution File, Format Version 12.00
# Visual Studio Version 16
VisualStudioVersion = 16.0.29911.98
MinimumVisualStudioVersion = 10.0.40219.1
Project("{8BC9CEB8-8B4A-11D0-8D11-00A0C91BC942}") = "SimpleWork", "SimpleWork\SimpleWork.vcxproj", "{22324FD8-054B-48D3-B66C-4DB950564B27}"
EndProject
Project("{8BC9CEB8-8B4A-11D0-8D11-00A0C91BC942}") = "SimpleWork2", "SimpleWork2\SimpleWork2.vcxproj", "{1598DDD2-B6C9-4F4D-89ED-FAFDA885341B}"
EndProject
Project("{8BC9CEB8-8B4A-11D0-8D11-00A0C91BC942}") = "MD5Calculator2", "MD5Calculator2\MD5Calculator2.vcxproj", "{B02A3B5F-F108-4C18-B721-8529B7A379E4}"
EndProject
Project("{8BC9CEB8-8B4A-11D0-8D11-00A0C91BC942}") = "HashCalc", "HashCalc\HashCalc.vcxproj", "{A6DE4E8F-3214-49F8-9282-AED8ED0EF5A0}"
EndProject
Project("{8BC9CEB8-8B4A-11D0-8D11-00A0C91BC942}") = "ThreadingHelpers", "ThreadingHelpers\ThreadingHelpers.vcxproj", "{D295745B-16F0-4005-A2D2-DC2EF03104E3}"
EndProject
Project("{8BC9CEB8-8B4A-11D0-8D11-00A0C91BC942}") = "SimpleTimer", "SimpleTimer\SimpleTimer.vcxproj", "{5790042F-E786-4EBC-B7AD-B1A21E06FFDF}"
EndProject
Project("{8BC9CEB8-8B4A-11D0-8D11-00A0C91BC942}") = "SimpleWork3", "SimpleWork3\SimpleWork3.vcxproj", "{031B83AE-F31D-4042-A78D-5B3ABA8148E1}"
EndProject
Global
	GlobalSection(SolutionConfigurationPlatforms) = preSolution
		Debug|x64 = Debug|x64
		Debug|x86 = Debug|x86
		Release|x64 = Release|x64
		Release|x86 = Release|x86
	EndGlobalSection
	GlobalSection(ProjectConfigurationPlatforms) = postSolution
		{22324FD8-054B-48D3-B66C-4DB950564B27}.Debug|x64.ActiveCfg = Debug|x64
		{22324FD8-054B-48D3-B66C-4DB950564B27}.Debug|x64.Build.0 = Debug|x64
		{22324FD8-054B-48D3-B66C-4DB950564B27}.Debug|x86.ActiveCfg = Debug|Win32
		{22324FD8-054B-48D3-B66C-4DB950564B27}.Debug|x86.Build.0 = Debug|Win32
		{22324FD8-054B-48D3-B66C-4DB950564B27}.Release|x64.ActiveCfg = Release|x64
		{22324FD8-054B-48D3-B66C-4DB950564B27}.Release|x64.Build.0 = Release|x64
		{22324FD8-054B-48D3-B66C-4DB950564B27}.Release|x86.ActiveCfg = Release|Win32
		{22324FD8-054B-48D3-B66C-4DB950564B27}.Release|x86.Build.0 = Release|Win32
		{1598DDD2-B6C9-4F4D-89ED-FAFDA885341B}.Debug|x64.ActiveCfg = Debug|x64
		{1598DDD2-B6C9-4F4D-89ED-FAFDA885341B}.Debug|x64.Build.0 = Debug|x64
		{1598DDD2-B6C9-4F4D-89ED-FAFDA885341B}.Debug|x86.ActiveCfg = Debug|Win32
		{1598DDD2-B6C9-4F4D-89ED-FAFDA885341B}.Debug|x86.Build.0 = Debug|Win32
		{1598DDD2-B6C9-4F4D-89ED-FAFDA885341B}.Release|x64.ActiveCfg = Release|x64
		{1598DDD2-B6C9-4F4D-89ED-FAFDA885341B}.Release|x64.Build.0 = Release|x64
		{1598DDD2-B6C9-4F4D-89ED-FAFDA885341B}.Release|x86.ActiveCfg = Release|Win32
		{1598DDD2-B6C9-4F4D-89ED-FAFDA885341B}.Release|x86.Build.0 = Release|Win32
		{B02A3B5F-F108-4C18-B721-8529B7A379E4}.Debug|x64.ActiveCfg = Debug|x64
		{B02A3B5F-F108-4C18-B721-8529B7A379E4}.Debug|x64.Build.0 = Debug|x64
		{B02A3B5F-F108-4C18-B721-8529B7A379E4}.Debug|x86.ActiveCfg = Debug|Win32
		{B02A3B5F-F108-4C18-B721-8529B7A379E4}.Debug|x86.Build.0 = Debug|Win32
		{B02A3B5F-F108-4C18-B721-8529B7A379E4}.Release|x64.ActiveCfg = Release|x64
		{B02A3B5F-F108-4C18-B721-8529B7A379E4}.Release|x64.Build.0 = Release|x64
		{B02A3B5F-F108-4C18-B721-8529B7A379E4}.Release|x86.ActiveCfg = Release|Win32
		{B02A3B5F-F108-4C18-B721-8529B7A379E4}.Release|x86.Build.0 = Release|Win32
		{A6DE4E8F-3214-49F8-9282-AED8ED0EF5A0}.Debug|x64.ActiveCfg = Debug|x64
		{A6DE4E8F-3214-49F8-9282-AED8ED0EF5A0}.Debug|x64.Build.0 = Debug|x64
		{A6DE4E8F-3214-49F8-9282-AED8ED0EF5A0}.Debug|x86.ActiveCfg = Debug|Win32
		{A6DE4E8F-3214-49F8-9282-AED8ED0EF5A0}.Debug|x86.Build.0 = Debug|Win32
		{A6DE4E8F-3214-49F8-9282-AED8ED0EF5A0}.Release|x64.ActiveCfg = Release|x64
		{A6DE4E8F-3214-49F8-9282-AED8ED0EF5A0}.Release|x64.Build.0 = Release|x64
		{A6DE4E8F-3214-49F8-9282-AED8ED0EF5A0}.Release|x86.ActiveCfg = Release|Win32
		{A6DE4E8F-3214-49F8-9282-AED8ED0EF5A0}.Release|x86.Build.0 = Release|Win32
		{D295745B-16F0-4005-A2D2-DC2EF03104E3}.Debug|x64.ActiveCfg = Debug|x64
		{D295745B-16F0-4005-A2D2-DC2EF03104E3}.Debug|x64.Build.0 = Debug|x64
		{D295745B-16F0-4005-A2D2-DC2EF03104E3}.Debug|x86.ActiveCfg = Debug|Win32
		{D295745B-16F0-4005-A2D2-DC2EF03104E3}.Debug|x86.Build.0 = Debug|Win32
		{D295745B-16F0-4005-A2D2-DC2EF03104E3}.Release|x64.ActiveCfg = Release|x64
		{D295745B-16F0-4005-A2D2-DC2EF03104E3}.Release|x64.Build.0 = Release|x64
		{D295745B-16F0-4005-A2D2-DC2EF03104E3}.Release|x86.ActiveCfg = Release|Win32
		{D295745B-16F0-4005-A2D2-DC2EF03104E3}.Release|x86.Build.0 = Release|Win32
		{5790042F-E786-4EBC-B7AD-B1A21E06FFDF}.Debug|x64.ActiveCfg = Debug|x64
		{5790042F-E786-4EBC-B7AD-B1A21E06FFDF}.Debug|x64.Build.0 = Debug|x64
		{5790042F-E786-4EBC-B7AD-B1A21E06FFDF}.Debug|x86.ActiveCfg = Debug|Win32
		{5790042F-E786-4EBC-B7AD-B1A21E06FFDF}.Debug|x86.Build.0 = Debug|Win32
		{5790042F-E786-4EBC-B7AD-B1A21E06FFDF}.Release|x64.ActiveCfg = Release|x64
		{5790042F-E786-4EBC-B7AD-B1A21E06FFDF}.Release|x64.Build.0 = Release|x64
		{5790042F-E786-4EBC-B7AD-B1A21E06FFDF}.Release|x86.ActiveCfg = Release|Win32
		{5790042F-E786-4EBC-B7AD-B1A21E06FFDF}.Release|x86.Build.0 = Release|Win32
		{031B83AE-F31D-4042-A78D-5B3ABA8148E1}.Debug|x64.ActiveCfg = Debug|x64
		{031B83AE-F31D-4042-A78D-5B3ABA8148E1}.Debug|x64.Build.0 = Debug|x64
		{031B83AE-F31D-4042-A78D-5B3ABA8148E1}.Debug|x86.ActiveCfg = Debug|Win32
		{031B83AE-F31D-4042-A78D-5B3ABA8148E1}.Debug|x86.Build.0 = Debug|Win32
		{031B83AE-F31D-4042-A78D-5B3ABA8148E1}.Release|x64.ActiveCfg = Release|x64
		{031B83AE-F31D-4042-A78D-5B3ABA8148E1}.Release|x64.Build.0 = Release|x64
		{031B83AE-F31D-4042-A78D-5B3ABA8148E1}.Release|x86.ActiveCfg = Release|Win32
		{031B83AE-F31D-4042-A78D-5B3ABA8148E1}.Release|x86.Build.0 = Release|Win32
	EndGlobalSection
	GlobalSection(SolutionProperties) = preSolution
		HideSolutionNode = FALSE
	EndGlobalSection
	GlobalSection(ExtensibilityGlobals) = postSolution
		SolutionGuid = {C6E99458-C464-45C6-A253-A4A8C531FBB6}
	EndGlobalSection
EndGlobal
